// !$*UTF8*$!
{
	archiveVersion = 1;
	classes = {
	};
	objectVersion = 46;
	objects = {

/* Begin PBXBuildFile section */
		31B0BA7B19AE20F4001437EC /* main.m in Sources */ = {isa = PBXBuildFile; fileRef = 31B0BA7A19AE20F4001437EC /* main.m */; };
		31B0BA7E19AE20F4001437EC /* AppDelegate.m in Sources */ = {isa = PBXBuildFile; fileRef = 31B0BA7D19AE20F4001437EC /* AppDelegate.m */; };
		31B0BA8119AE20F4001437EC /* ViewController.m in Sources */ = {isa = PBXBuildFile; fileRef = 31B0BA8019AE20F4001437EC /* ViewController.m */; };
		31B0BA8419AE20F4001437EC /* Main.storyboard in Resources */ = {isa = PBXBuildFile; fileRef = 31B0BA8219AE20F4001437EC /* Main.storyboard */; };
		31B0BA8619AE20F4001437EC /* Images.xcassets in Resources */ = {isa = PBXBuildFile; fileRef = 31B0BA8519AE20F4001437EC /* Images.xcassets */; };
		31B0BA9219AE20F4001437EC /* tableViewOverMapTests.m in Sources */ = {isa = PBXBuildFile; fileRef = 31B0BA9119AE20F4001437EC /* tableViewOverMapTests.m */; };
/* End PBXBuildFile section */

/* Begin PBXContainerItemProxy section */
		31B0BA8C19AE20F4001437EC /* PBXContainerItemProxy */ = {
			isa = PBXContainerItemProxy;
			containerPortal = 31B0BA6D19AE20F4001437EC /* Project object */;
			proxyType = 1;
			remoteGlobalIDString = 31B0BA7419AE20F4001437EC;
			remoteInfo = tableViewOverMap;
		};
/* End PBXContainerItemProxy section */

/* Begin PBXFileReference section */
		31B0BA7519AE20F4001437EC /* tableViewOverMap.app */ = {isa = PBXFileReference; explicitFileType = wrapper.application; includeInIndex = 0; path = tableViewOverMap.app; sourceTree = BUILT_PRODUCTS_DIR; };
		31B0BA7919AE20F4001437EC /* Info.plist */ = {isa = PBXFileReference; lastKnownFileType = text.plist.xml; path = Info.plist; sourceTree = "<group>"; };
		31B0BA7A19AE20F4001437EC /* main.m */ = {isa = PBXFileReference; lastKnownFileType = sourcecode.c.objc; path = main.m; sourceTree = "<group>"; };
		31B0BA7C19AE20F4001437EC /* AppDelegate.h */ = {isa = PBXFileReference; lastKnownFileType = sourcecode.c.h; path = AppDelegate.h; sourceTree = "<group>"; };
		31B0BA7D19AE20F4001437EC /* AppDelegate.m */ = {isa = PBXFileReference; lastKnownFileType = sourcecode.c.objc; path = AppDelegate.m; sourceTree = "<group>"; };
		31B0BA7F19AE20F4001437EC /* ViewController.h */ = {isa = PBXFileReference; lastKnownFileType = sourcecode.c.h; path = ViewController.h; sourceTree = "<group>"; };
		31B0BA8019AE20F4001437EC /* ViewController.m */ = {isa = PBXFileReference; lastKnownFileType = sourcecode.c.objc; path = ViewController.m; sourceTree = "<group>"; };
		31B0BA8319AE20F4001437EC /* Base */ = {isa = PBXFileReference; lastKnownFileType = file.storyboard; name = Base; path = Base.lproj/Main.storyboard; sourceTree = "<group>"; };
		31B0BA8519AE20F4001437EC /* Images.xcassets */ = {isa = PBXFileReference; lastKnownFileType = folder.assetcatalog; path = Images.xcassets; sourceTree = "<group>"; };
		31B0BA8B19AE20F4001437EC /* tableViewOverMapTests.xctest */ = {isa = PBXFileReference; explicitFileType = wrapper.cfbundle; includeInIndex = 0; path = tableViewOverMapTests.xctest; sourceTree = BUILT_PRODUCTS_DIR; };
		31B0BA9019AE20F4001437EC /* Info.plist */ = {isa = PBXFileReference; lastKnownFileType = text.plist.xml; path = Info.plist; sourceTree = "<group>"; };
		31B0BA9119AE20F4001437EC /* tableViewOverMapTests.m */ = {isa = PBXFileReference; lastKnownFileType = sourcecode.c.objc; path = tableViewOverMapTests.m; sourceTree = "<group>"; };
/* End PBXFileReference section */

/* Begin PBXFrameworksBuildPhase section */
		31B0BA7219AE20F4001437EC /* Frameworks */ = {
			isa = PBXFrameworksBuildPhase;
			buildActionMask = 2147483647;
			files = (
			);
			runOnlyForDeploymentPostprocessing = 0;
		};
		31B0BA8819AE20F4001437EC /* Frameworks */ = {
			isa = PBXFrameworksBuildPhase;
			buildActionMask = 2147483647;
			files = (
			);
			runOnlyForDeploymentPostprocessing = 0;
		};
/* End PBXFrameworksBuildPhase section */

/* Begin PBXGroup section */
		31B0BA6C19AE20F4001437EC = {
			isa = PBXGroup;
			children = (
				31B0BA7719AE20F4001437EC /* tableViewOverMap */,
				31B0BA8E19AE20F4001437EC /* tableViewOverMapTests */,
				31B0BA7619AE20F4001437EC /* Products */,
			);
			sourceTree = "<group>";
		};
		31B0BA7619AE20F4001437EC /* Products */ = {
			isa = PBXGroup;
			children = (
				31B0BA7519AE20F4001437EC /* tableViewOverMap.app */,
				31B0BA8B19AE20F4001437EC /* tableViewOverMapTests.xctest */,
			);
			name = Products;
			sourceTree = "<group>";
		};
		31B0BA7719AE20F4001437EC /* tableViewOverMap */ = {
			isa = PBXGroup;
			children = (
				31B0BA7C19AE20F4001437EC /* AppDelegate.h */,
				31B0BA7D19AE20F4001437EC /* AppDelegate.m */,
				31B0BA7F19AE20F4001437EC /* ViewController.h */,
				31B0BA8019AE20F4001437EC /* ViewController.m */,
				31B0BA8219AE20F4001437EC /* Main.storyboard */,
				31B0BA8519AE20F4001437EC /* Images.xcassets */,
				31B0BA7819AE20F4001437EC /* Supporting Files */,
			);
			path = tableViewOverMap;
			sourceTree = "<group>";
		};
		31B0BA7819AE20F4001437EC /* Supporting Files */ = {
			isa = PBXGroup;
			children = (
				31B0BA7919AE20F4001437EC /* Info.plist */,
				31B0BA7A19AE20F4001437EC /* main.m */,
			);
			name = "Supporting Files";
			sourceTree = "<group>";
		};
		31B0BA8E19AE20F4001437EC /* tableViewOverMapTests */ = {
			isa = PBXGroup;
			children = (
				31B0BA9119AE20F4001437EC /* tableViewOverMapTests.m */,
				31B0BA8F19AE20F4001437EC /* Supporting Files */,
			);
			path = tableViewOverMapTests;
			sourceTree = "<group>";
		};
		31B0BA8F19AE20F4001437EC /* Supporting Files */ = {
			isa = PBXGroup;
			children = (
				31B0BA9019AE20F4001437EC /* Info.plist */,
			);
			name = "Supporting Files";
			sourceTree = "<group>";
		};
/* End PBXGroup section */

/* Begin PBXNativeTarget section */
		31B0BA7419AE20F4001437EC /* tableViewOverMap */ = {
			isa = PBXNativeTarget;
			buildConfigurationList = 31B0BA9519AE20F4001437EC /* Build configuration list for PBXNativeTarget "tableViewOverMap" */;
			buildPhases = (
				31B0BA7119AE20F4001437EC /* Sources */,
				31B0BA7219AE20F4001437EC /* Frameworks */,
				31B0BA7319AE20F4001437EC /* Resources */,
			);
			buildRules = (
			);
			dependencies = (
			);
			name = tableViewOverMap;
			productName = tableViewOverMap;
			productReference = 31B0BA7519AE20F4001437EC /* tableViewOverMap.app */;
			productType = "com.apple.product-type.application";
		};
		31B0BA8A19AE20F4001437EC /* tableViewOverMapTests */ = {
			isa = PBXNativeTarget;
			buildConfigurationList = 31B0BA9819AE20F4001437EC /* Build configuration list for PBXNativeTarget "tableViewOverMapTests" */;
			buildPhases = (
				31B0BA8719AE20F4001437EC /* Sources */,
				31B0BA8819AE20F4001437EC /* Frameworks */,
				31B0BA8919AE20F4001437EC /* Resources */,
			);
			buildRules = (
			);
			dependencies = (
				31B0BA8D19AE20F4001437EC /* PBXTargetDependency */,
			);
			name = tableViewOverMapTests;
			productName = tableViewOverMapTests;
			productReference = 31B0BA8B19AE20F4001437EC /* tableViewOverMapTests.xctest */;
			productType = "com.apple.product-type.bundle.unit-test";
		};
/* End PBXNativeTarget section */

/* Begin PBXProject section */
		31B0BA6D19AE20F4001437EC /* Project object */ = {
			isa = PBXProject;
			attributes = {
				LastUpgradeCheck = 0600;
				ORGANIZATIONNAME = "Rob Mayoff";
				TargetAttributes = {
					31B0BA7419AE20F4001437EC = {
						CreatedOnToolsVersion = 6.0;
					};
					31B0BA8A19AE20F4001437EC = {
						CreatedOnToolsVersion = 6.0;
						TestTargetID = 31B0BA7419AE20F4001437EC;
					};
				};
			};
			buildConfigurationList = 31B0BA7019AE20F4001437EC /* Build configuration list for PBXProject "tableViewOverMap" */;
			compatibilityVersion = "Xcode 3.2";
			developmentRegion = English;
			hasScannedForEncodings = 0;
			knownRegions = (
				en,
				Base,
			);
			mainGroup = 31B0BA6C19AE20F4001437EC;
			productRefGroup = 31B0BA7619AE20F4001437EC /* Products */;
			projectDirPath = "";
			projectRoot = "";
			targets = (
				31B0BA7419AE20F4001437EC /* tableViewOverMap */,
				31B0BA8A19AE20F4001437EC /* tableViewOverMapTests */,
			);
		};
/* End PBXProject section */

/* Begin PBXResourcesBuildPhase section */
		31B0BA7319AE20F4001437EC /* Resources */ = {
			isa = PBXResourcesBuildPhase;
			buildActionMask = 2147483647;
			files = (
				31B0BA8419AE20F4001437EC /* Main.storyboard in Resources */,
				31B0BA8619AE20F4001437EC /* Images.xcassets in Resources */,
			);
			runOnlyForDeploymentPostprocessing = 0;
		};
		31B0BA8919AE20F4001437EC /* Resources */ = {
			isa = PBXResourcesBuildPhase;
			buildActionMask = 2147483647;
			files = (
			);
			runOnlyForDeploymentPostprocessing = 0;
		};
/* End PBXResourcesBuildPhase section */

/* Begin PBXSourcesBuildPhase section */
		31B0BA7119AE20F4001437EC /* Sources */ = {
			isa = PBXSourcesBuildPhase;
			buildActionMask = 2147483647;
			files = (
				31B0BA8119AE20F4001437EC /* ViewController.m in Sources */,
				31B0BA7E19AE20F4001437EC /* AppDelegate.m in Sources */,
				31B0BA7B19AE20F4001437EC /* main.m in Sources */,
			);
			runOnlyForDeploymentPostprocessing = 0;
		};
		31B0BA8719AE20F4001437EC /* Sources */ = {
			isa = PBXSourcesBuildPhase;
			buildActionMask = 2147483647;
			files = (
				31B0BA9219AE20F4001437EC /* tableViewOverMapTests.m in Sources */,
			);
			runOnlyForDeploymentPostprocessing = 0;
		};
/* End PBXSourcesBuildPhase section */

/* Begin PBXTargetDependency section */
		31B0BA8D19AE20F4001437EC /* PBXTargetDependency */ = {
			isa = PBXTargetDependency;
			target = 31B0BA7419AE20F4001437EC /* tableViewOverMap */;
			targetProxy = 31B0BA8C19AE20F4001437EC /* PBXContainerItemProxy */;
		};
/* End PBXTargetDependency section */

/* Begin PBXVariantGroup section */
		31B0BA8219AE20F4001437EC /* Main.storyboard */ = {
			isa = PBXVariantGroup;
			children = (
				31B0BA8319AE20F4001437EC /* Base */,
			);
			name = Main.storyboard;
			sourceTree = "<group>";
		};
/* End PBXVariantGroup section */

/* Begin XCBuildConfiguration section */
		31B0BA9319AE20F4001437EC /* Debug */ = {
			isa = XCBuildConfiguration;
			buildSettings = {
				ALWAYS_SEARCH_USER_PATHS = NO;
				CLANG_CXX_LANGUAGE_STANDARD = "gnu++0x";
				CLANG_CXX_LIBRARY = "libc++";
				CLANG_ENABLE_MODULES = YES;
				CLANG_ENABLE_OBJC_ARC = YES;
				CLANG_WARN_BOOL_CONVERSION = YES;
				CLANG_WARN_CONSTANT_CONVERSION = YES;
				CLANG_WARN_DIRECT_OBJC_ISA_USAGE = YES_ERROR;
				CLANG_WARN_EMPTY_BODY = YES;
				CLANG_WARN_ENUM_CONVERSION = YES;
				CLANG_WARN_INT_CONVERSION = YES;
				CLANG_WARN_OBJC_ROOT_CLASS = YES_ERROR;
				CLANG_WARN_UNREACHABLE_CODE = YES;
				CLANG_WARN__DUPLICATE_METHOD_MATCH = YES;
				"CODE_SIGN_IDENTITY[sdk=iphoneos*]" = "iPhone Developer";
				COPY_PHASE_STRIP = NO;
				ENABLE_STRICT_OBJC_MSGSEND = YES;
				GCC_C_LANGUAGE_STANDARD = gnu99;
				GCC_DYNAMIC_NO_PIC = NO;
				GCC_OPTIMIZATION_LEVEL = 0;
				GCC_PREPROCESSOR_DEFINITIONS = (
					"DEBUG=1",
					"$(inherited)",
				);
				GCC_SYMBOLS_PRIVATE_EXTERN = NO;
				GCC_WARN_64_TO_32_BIT_CONVERSION = YES;
				GCC_WARN_ABOUT_RETURN_TYPE = YES_ERROR;
				GCC_WARN_UNDECLARED_SELECTOR = YES;
				GCC_WARN_UNINITIALIZED_AUTOS = YES_AGGRESSIVE;
				GCC_WARN_UNUSED_FUNCTION = YES;
				GCC_WARN_UNUSED_VARIABLE = YES;
				IPHONEOS_DEPLOYMENT_TARGET = 8.0;
				MTL_ENABLE_DEBUG_INFO = YES;
				ONLY_ACTIVE_ARCH = YES;
				SDKROOT = iphoneos;
			};
			name = Debug;
		};
		31B0BA9419AE20F4001437EC /* Release */ = {
			isa = XCBuildConfiguration;
			buildSettings = {
				ALWAYS_SEARCH_USER_PATHS = NO;
				CLANG_CXX_LANGUAGE_STANDARD = "gnu++0x";
				CLANG_CXX_LIBRARY = "libc++";
				CLANG_ENABLE_MODULES = YES;
				CLANG_ENABLE_OBJC_ARC = YES;
				CLANG_WARN_BOOL_CONVERSION = YES;
				CLANG_WARN_CONSTANT_CONVERSION = YES;
				CLANG_WARN_DIRECT_OBJC_ISA_USAGE = YES_ERROR;
				CLANG_WARN_EMPTY_BODY = YES;
				CLANG_WARN_ENUM_CONVERSION = YES;
				CLANG_WARN_INT_CONVERSION = YES;
				CLANG_WARN_OBJC_ROOT_CLASS = YES_ERROR;
				CLANG_WARN_UNREACHABLE_CODE = YES;
				CLANG_WARN__DUPLICATE_METHOD_MATCH = YES;
				"CODE_SIGN_IDENTITY[sdk=iphoneos*]" = "iPhone Developer";
				COPY_PHASE_STRIP = YES;
				ENABLE_NS_ASSERTIONS = NO;
				ENABLE_STRICT_OBJC_MSGSEND = YES;
				GCC_C_LANGUAGE_STANDARD = gnu99;
				GCC_WARN_64_TO_32_BIT_CONVERSION = YES;
				GCC_WARN_ABOUT_RETURN_TYPE = YES_ERROR;
				GCC_WARN_UNDECLARED_SELECTOR = YES;
				GCC_WARN_UNINITIALIZED_AUTOS = YES_AGGRESSIVE;
				GCC_WARN_UNUSED_FUNCTION = YES;
				GCC_WARN_UNUSED_VARIABLE = YES;
				IPHONEOS_DEPLOYMENT_TARGET = 8.0;
				MTL_ENABLE_DEBUG_INFO = NO;
				SDKROOT = iphoneos;
				VALIDATE_PRODUCT = YES;
			};
			name = Release;
		};
		31B0BA9619AE20F4001437EC /* Debug */ = {
			isa = XCBuildConfiguration;
			buildSettings = {
				ASSETCATALOG_COMPILER_APPICON_NAME = AppIcon;
				ASSETCATALOG_COMPILER_LAUNCHIMAGE_NAME = LaunchImage;
				INFOPLIST_FILE = tableViewOverMap/Info.plist;
				LD_RUNPATH_SEARCH_PATHS = "$(inherited) @executable_path/Frameworks";
				PRODUCT_NAME = "$(TARGET_NAME)";
			};
			name = Debug;
		};
		31B0BA9719AE20F4001437EC /* Release */ = {
			isa = XCBuildConfiguration;
			buildSettings = {
				ASSETCATALOG_COMPILER_APPICON_NAME = AppIcon;
				ASSETCATALOG_COMPILER_LAUNCHIMAGE_NAME = LaunchImage;
				INFOPLIST_FILE = tableViewOverMap/Info.plist;
				LD_RUNPATH_SEARCH_PATHS = "$(inherited) @executable_path/Frameworks";
				PRODUCT_NAME = "$(TARGET_NAME)";
			};
			name = Release;
		};
		31B0BA9919AE20F4001437EC /* Debug */ = {
			isa = XCBuildConfiguration;
			buildSettings = {
				BUNDLE_LOADER = "$(TEST_HOST)";
				FRAMEWORK_SEARCH_PATHS = (
					"$(SDKROOT)/Developer/Library/Frameworks",
					"$(inherited)",
				);
				GCC_PREPROCESSOR_DEFINITIONS = (
					"DEBUG=1",
					"$(inherited)",
				);
				INFOPLIST_FILE = tableViewOverMapTests/Info.plist;
				LD_RUNPATH_SEARCH_PATHS = "$(inherited) @executable_path/Frameworks @loader_path/Frameworks";
				PRODUCT_NAME = "$(TARGET_NAME)";
				TEST_HOST = "$(BUILT_PRODUCTS_DIR)/tableViewOverMap.app/tableViewOverMap";
			};
			name = Debug;
		};
		31B0BA9A19AE20F4001437EC /* Release */ = {
			isa = XCBuildConfiguration;
			buildSettings = {
				BUNDLE_LOADER = "$(TEST_HOST)";
				FRAMEWORK_SEARCH_PATHS = (
					"$(SDKROOT)/Developer/Library/Frameworks",
					"$(inherited)",
				);
				INFOPLIST_FILE = tableViewOverMapTests/Info.plist;
				LD_RUNPATH_SEARCH_PATHS = "$(inherited) @executable_path/Frameworks @loader_path/Frameworks";
				PRODUCT_NAME = "$(TARGET_NAME)";
				TEST_HOST = "$(BUILT_PRODUCTS_DIR)/tableViewOverMap.app/tableViewOverMap";
			};
			name = Release;
		};
/* End XCBuildConfiguration section */

/* Begin XCConfigurationList section */
		31B0BA7019AE20F4001437EC /* Build configuration list for PBXProject "tableViewOverMap" */ = {
			isa = XCConfigurationList;
			buildConfigurations = (
				31B0BA9319AE20F4001437EC /* Debug */,
				31B0BA9419AE20F4001437EC /* Release */,
			);
			defaultConfigurationIsVisible = 0;
			defaultConfigurationName = Release;
		};
		31B0BA9519AE20F4001437EC /* Build configuration list for PBXNativeTarget "tableViewOverMap" */ = {
			isa = XCConfigurationList;
			buildConfigurations = (
				31B0BA9619AE20F4001437EC /* Debug */,
				31B0BA9719AE20F4001437EC /* Release */,
			);
			defaultConfigurationIsVisible = 0;
		};
		31B0BA9819AE20F4001437EC /* Build configuration list for PBXNativeTarget "tableViewOverMapTests" */ = {
			isa = XCConfigurationList;
			buildConfigurations = (
				31B0BA9919AE20F4001437EC /* Debug */,
				31B0BA9A19AE20F4001437EC /* Release */,
			);
			defaultConfigurationIsVisible = 0;
		};
/* End XCConfigurationList section */
	};
	rootObject = 31B0BA6D19AE20F4001437EC /* Project object */;
}
